schema: '2.0'
stages:
  obter_dados:
    cmd: python -m src.data.get_data customer-service-classifier dataset/tickets_reclamacoes_classificados.csv
      data/raw/tickets_reclamacoes_classificados.csv
    deps:
    - path: src/data/get_data.py
      hash: md5
      md5: 98756b2e21f03e6f01fe27f62386b6e7
      size: 1085
    outs:
    - path: data/raw/tickets_reclamacoes_classificados.csv
      hash: md5
      md5: bbe5aa75cad3ed56e95d319e62d51652
      size: 33020135
  processar_dados:
    cmd: python -m src.data.make_dataset data/raw/tickets_reclamacoes_classificados.csv
      data/processed/dataset_processed.csv
    deps:
    - path: data/raw/tickets_reclamacoes_classificados.csv
      hash: md5
      md5: bbe5aa75cad3ed56e95d319e62d51652
      size: 33020135
    - path: src/data/make_dataset.py
      hash: md5
      md5: 1c80b4c87e1cd9db946455bd184a30af
      size: 1766
    outs:
    - path: data/processed/dataset_processed.csv
      hash: md5
      md5: bd61326322ab9215bcc0b5ea461be50d
      size: 30213135
  processar_features:
    cmd: python -m src.data.make_feature data/processed/dataset_processed.csv data/processed/dataset_features.npz
      data/processed/dataset_categories.csv
    deps:
    - path: data/processed/dataset_processed.csv
      hash: md5
      md5: bd61326322ab9215bcc0b5ea461be50d
      size: 30213135
    - path: src/data/make_feature.py
      hash: md5
      md5: f44061638083ead69fa099a1d2897afa
      size: 2369
    outs:
    - path: data/processed/dataset_categories.csv
      hash: md5
      md5: 791cd1485fa492e7756b6d789b8eced4
      size: 606460
    - path: data/processed/dataset_features.npz
      hash: md5
      md5: 7117ec51740da668785e2644ea752741
      size: 14056646
  treinamento:
    cmd: python -m src.models.train_model data/processed/dataset_features.npz data/processed/dataset_categories.csv
      models/model.pkl
    deps:
    - path: data/processed/dataset_categories.csv
      hash: md5
      md5: 791cd1485fa492e7756b6d789b8eced4
      size: 606460
    - path: data/processed/dataset_features.npz
      hash: md5
      md5: 7117ec51740da668785e2644ea752741
      size: 14056646
    - path: src/models/train_model.py
      hash: md5
      md5: bdabaffbd083b58e2ee04a4137b27b55
      size: 2917
    outs:
    - path: models/model.pkl
      hash: md5
      md5: fa42a18f6ae8cdebee91276da8d6b3ad
      size: 2716735
